lockfileVersion: '9.0'

settings:
  autoInstallPeers: true
  excludeLinksFromLockfile: false

importers:

  .:
    dependencies:
      zx:
        specifier: ^8.1.4
        version: 8.1.4

packages:

  '@types/fs-extra@11.0.4':
    resolution: {integrity: sha512-yTbItCNreRooED33qjunPthRcSjERP1r4MqCZc7wv0u2sUkzTFp45tgUfS5+r7FrZPdmCCNflLhVSP/o+SemsQ==}

  '@types/jsonfile@6.1.4':
    resolution: {integrity: sha512-D5qGUYwjvnNNextdU59/+fI+spnwtTFmyQP0h+PfIOSkNfpU6AOICUOkm4i0OnSk+NyjdPJrxCDro0sJsWlRpQ==}

  '@types/node@22.5.0':
    resolution: {integrity: sha512-DkFrJOe+rfdHTqqMg0bSNlGlQ85hSoh2TPzZyhHsXnMtligRWpxUySiyw8FY14ITt24HVCiQPWxS3KO/QlGmWg==}

  undici-types@6.19.8:
    resolution: {integrity: sha512-ve2KP6f/JnbPBFyobGHuerC9g1FYGn/F8n1LWTwNxCEzd6IfqTwUQcNXgEtmmQ6DlRrC1hrSrBnCZPokRrDHjw==}

  zx@8.1.4:
    resolution: {integrity: sha512-QFDYYpnzdpRiJ3dL2102Cw26FpXpWshW4QLTGxiYfIcwdAqg084jRCkK/kuP/NOSkxOjydRwNFG81qzA5r1a6w==}
    engines: {node: '>= 12.17.0'}
    hasBin: true

snapshots:

  '@types/fs-extra@11.0.4':
    dependencies:
      '@types/jsonfile': 6.1.4
      '@types/node': 22.5.0
    optional: true

  '@types/jsonfile@6.1.4':
    dependencies:
      '@types/node': 22.5.0
    optional: true

  '@types/node@22.5.0':
    dependencies:
      undici-types: 6.19.8
    optional: true

  undici-types@6.19.8:
    optional: true

  zx@8.1.4:
    optionalDependencies:
      '@types/fs-extra': 11.0.4
      '@types/node': 22.5.0
